// !$*UTF8*$!
{
	archiveVersion = 1;
	classes = {
	};
	objectVersion = 55;
	objects = {

/* Begin PBXBuildFile section */
		AE10B00D97C8E0AB52842282 /* Pods_Take_Off_Go.framework in Frameworks */ = {isa = PBXBuildFile; fileRef = 17D517010A391C561A6CA7D5 /* Pods_Take_Off_Go.framework */; };
		C61ECB1E27B4B5F80074C388 /* GetQuote.graphql in Resources */ = {isa = PBXBuildFile; fileRef = C61ECB1D27B4B5F80074C388 /* GetQuote.graphql */; };
		C61ECB2327B4B6D30074C388 /* schema.json in Resources */ = {isa = PBXBuildFile; fileRef = C61ECB2227B4B6D30074C388 /* schema.json */; };
		C64DF73627BCF99C0088E113 /* TripFlightsView.swift in Sources */ = {isa = PBXBuildFile; fileRef = C64DF73527BCF99C0088E113 /* TripFlightsView.swift */; };
		C64DF73827BCFC4D0088E113 /* TripAccommodationView.swift in Sources */ = {isa = PBXBuildFile; fileRef = C64DF73727BCFC4D0088E113 /* TripAccommodationView.swift */; };
		C64DF73A27BCFC8F0088E113 /* TripDaysView.swift in Sources */ = {isa = PBXBuildFile; fileRef = C64DF73927BCFC8F0088E113 /* TripDaysView.swift */; };
		C64DF73E27C098170088E113 /* ImageSliderView.swift in Sources */ = {isa = PBXBuildFile; fileRef = C64DF73D27C098170088E113 /* ImageSliderView.swift */; };
		C64DF74027C0983D0088E113 /* Property.swift in Sources */ = {isa = PBXBuildFile; fileRef = C64DF73F27C0983D0088E113 /* Property.swift */; };
		C64DF74227C098AB0088E113 /* Accomomdation.swift in Sources */ = {isa = PBXBuildFile; fileRef = C64DF74127C098AB0088E113 /* Accomomdation.swift */; };
		C64DF74427C099C20088E113 /* API.swift in Sources */ = {isa = PBXBuildFile; fileRef = C64DF74327C099C20088E113 /* API.swift */; };
		C6588DD927BC57AC0059A474 /* MarkdownView.swift in Sources */ = {isa = PBXBuildFile; fileRef = C6588DD827BC57AC0059A474 /* MarkdownView.swift */; };
		C6724D7E27B747CA000F31A1 /* TripViewModel.swift in Sources */ = {isa = PBXBuildFile; fileRef = C6724D7D27B747CA000F31A1 /* TripViewModel.swift */; };
		C6724D8627B75A64000F31A1 /* TripListRowView.swift in Sources */ = {isa = PBXBuildFile; fileRef = C6724D8527B75A64000F31A1 /* TripListRowView.swift */; };
		C6724D8827B75A7E000F31A1 /* TripListViewModel.swift in Sources */ = {isa = PBXBuildFile; fileRef = C6724D8727B75A7E000F31A1 /* TripListViewModel.swift */; };
		C6724D8A27B75A9D000F31A1 /* ImportTripView.swift in Sources */ = {isa = PBXBuildFile; fileRef = C6724D8927B75A9D000F31A1 /* ImportTripView.swift */; };
		C67385FE27B4919400FF62B6 /* TakeOffGoApp.swift in Sources */ = {isa = PBXBuildFile; fileRef = C67385FD27B4919400FF62B6 /* TakeOffGoApp.swift */; };
		C673860227B4919500FF62B6 /* Assets.xcassets in Resources */ = {isa = PBXBuildFile; fileRef = C673860127B4919500FF62B6 /* Assets.xcassets */; };
		C673860527B4919500FF62B6 /* Preview Assets.xcassets in Resources */ = {isa = PBXBuildFile; fileRef = C673860427B4919500FF62B6 /* Preview Assets.xcassets */; };
		C69E69FB27B8F87900FD9B12 /* PropertyView.swift in Sources */ = {isa = PBXBuildFile; fileRef = C69E69FA27B8F87900FD9B12 /* PropertyView.swift */; };
		C6AAAE6427B86BEE00652796 /* TripOverviewView.swift in Sources */ = {isa = PBXBuildFile; fileRef = C6AAAE6327B86BEE00652796 /* TripOverviewView.swift */; };
		C6AAAE6627B8A91F00652796 /* Extensions.swift in Sources */ = {isa = PBXBuildFile; fileRef = C6AAAE6527B8A91F00652796 /* Extensions.swift */; };
		C6C7B04A27B76EAE00E023D9 /* SampleData.swift in Sources */ = {isa = PBXBuildFile; fileRef = C6C7B04927B76EAE00E023D9 /* SampleData.swift */; };
		C6D4758427B4E1080093206B /* TripDetailView.swift in Sources */ = {isa = PBXBuildFile; fileRef = C6D4758327B4E1080093206B /* TripDetailView.swift */; };
		C6D613F027B4BA2400A77938 /* Network.swift in Sources */ = {isa = PBXBuildFile; fileRef = C6D613EF27B4BA2400A77938 /* Network.swift */; };
		C6D613F527B4C0D300A77938 /* TripListView.swift in Sources */ = {isa = PBXBuildFile; fileRef = C6D613F427B4C0D300A77938 /* TripListView.swift */; };
/* End PBXBuildFile section */

/* Begin PBXFileReference section */
		17D517010A391C561A6CA7D5 /* Pods_Take_Off_Go.framework */ = {isa = PBXFileReference; explicitFileType = wrapper.framework; includeInIndex = 0; path = Pods_Take_Off_Go.framework; sourceTree = BUILT_PRODUCTS_DIR; };
		74B3BF6EB817E02F3DEAB736 /* Pods-Take Off Go.debug.xcconfig */ = {isa = PBXFileReference; includeInIndex = 1; lastKnownFileType = text.xcconfig; name = "Pods-Take Off Go.debug.xcconfig"; path = "Target Support Files/Pods-Take Off Go/Pods-Take Off Go.debug.xcconfig"; sourceTree = "<group>"; };
		C61ECB1D27B4B5F80074C388 /* GetQuote.graphql */ = {isa = PBXFileReference; lastKnownFileType = text; path = GetQuote.graphql; sourceTree = "<group>"; };
		C61ECB2227B4B6D30074C388 /* schema.json */ = {isa = PBXFileReference; fileEncoding = 4; lastKnownFileType = text.json; path = schema.json; sourceTree = "<group>"; };
		C64DF73527BCF99C0088E113 /* TripFlightsView.swift */ = {isa = PBXFileReference; lastKnownFileType = sourcecode.swift; path = TripFlightsView.swift; sourceTree = "<group>"; };
		C64DF73727BCFC4D0088E113 /* TripAccommodationView.swift */ = {isa = PBXFileReference; lastKnownFileType = sourcecode.swift; path = TripAccommodationView.swift; sourceTree = "<group>"; };
		C64DF73927BCFC8F0088E113 /* TripDaysView.swift */ = {isa = PBXFileReference; lastKnownFileType = sourcecode.swift; path = TripDaysView.swift; sourceTree = "<group>"; };
		C64DF73D27C098170088E113 /* ImageSliderView.swift */ = {isa = PBXFileReference; lastKnownFileType = sourcecode.swift; path = ImageSliderView.swift; sourceTree = "<group>"; };
		C64DF73F27C0983D0088E113 /* Property.swift */ = {isa = PBXFileReference; lastKnownFileType = sourcecode.swift; path = Property.swift; sourceTree = "<group>"; };
		C64DF74127C098AB0088E113 /* Accomomdation.swift */ = {isa = PBXFileReference; lastKnownFileType = sourcecode.swift; path = Accomomdation.swift; sourceTree = "<group>"; };
		C64DF74327C099C20088E113 /* API.swift */ = {isa = PBXFileReference; fileEncoding = 4; lastKnownFileType = sourcecode.swift; path = API.swift; sourceTree = "<group>"; };
		C6588DD827BC57AC0059A474 /* MarkdownView.swift */ = {isa = PBXFileReference; lastKnownFileType = sourcecode.swift; path = MarkdownView.swift; sourceTree = "<group>"; };
		C6724D7D27B747CA000F31A1 /* TripViewModel.swift */ = {isa = PBXFileReference; lastKnownFileType = sourcecode.swift; path = TripViewModel.swift; sourceTree = "<group>"; };
		C6724D8527B75A64000F31A1 /* TripListRowView.swift */ = {isa = PBXFileReference; lastKnownFileType = sourcecode.swift; path = TripListRowView.swift; sourceTree = "<group>"; };
		C6724D8727B75A7E000F31A1 /* TripListViewModel.swift */ = {isa = PBXFileReference; lastKnownFileType = sourcecode.swift; path = TripListViewModel.swift; sourceTree = "<group>"; };
		C6724D8927B75A9D000F31A1 /* ImportTripView.swift */ = {isa = PBXFileReference; lastKnownFileType = sourcecode.swift; path = ImportTripView.swift; sourceTree = "<group>"; };
		C67385FA27B4919400FF62B6 /* Take Off Go.app */ = {isa = PBXFileReference; explicitFileType = wrapper.application; includeInIndex = 0; path = "Take Off Go.app"; sourceTree = BUILT_PRODUCTS_DIR; };
		C67385FD27B4919400FF62B6 /* TakeOffGoApp.swift */ = {isa = PBXFileReference; lastKnownFileType = sourcecode.swift; path = TakeOffGoApp.swift; sourceTree = "<group>"; };
		C673860127B4919500FF62B6 /* Assets.xcassets */ = {isa = PBXFileReference; lastKnownFileType = folder.assetcatalog; path = Assets.xcassets; sourceTree = "<group>"; };
		C673860427B4919500FF62B6 /* Preview Assets.xcassets */ = {isa = PBXFileReference; lastKnownFileType = folder.assetcatalog; path = "Preview Assets.xcassets"; sourceTree = "<group>"; };
		C69E69FA27B8F87900FD9B12 /* PropertyView.swift */ = {isa = PBXFileReference; lastKnownFileType = sourcecode.swift; path = PropertyView.swift; sourceTree = "<group>"; };
		C6AAAE6327B86BEE00652796 /* TripOverviewView.swift */ = {isa = PBXFileReference; lastKnownFileType = sourcecode.swift; path = TripOverviewView.swift; sourceTree = "<group>"; };
		C6AAAE6527B8A91F00652796 /* Extensions.swift */ = {isa = PBXFileReference; lastKnownFileType = sourcecode.swift; path = Extensions.swift; sourceTree = "<group>"; };
		C6C7B04927B76EAE00E023D9 /* SampleData.swift */ = {isa = PBXFileReference; lastKnownFileType = sourcecode.swift; path = SampleData.swift; sourceTree = "<group>"; };
		C6D4758327B4E1080093206B /* TripDetailView.swift */ = {isa = PBXFileReference; lastKnownFileType = sourcecode.swift; path = TripDetailView.swift; sourceTree = "<group>"; };
		C6D613EF27B4BA2400A77938 /* Network.swift */ = {isa = PBXFileReference; lastKnownFileType = sourcecode.swift; path = Network.swift; sourceTree = "<group>"; };
		C6D613F427B4C0D300A77938 /* TripListView.swift */ = {isa = PBXFileReference; lastKnownFileType = sourcecode.swift; path = TripListView.swift; sourceTree = "<group>"; };
		E34CCE623802AD185FB2BD1D /* Pods-Take Off Go.release.xcconfig */ = {isa = PBXFileReference; includeInIndex = 1; lastKnownFileType = text.xcconfig; name = "Pods-Take Off Go.release.xcconfig"; path = "Target Support Files/Pods-Take Off Go/Pods-Take Off Go.release.xcconfig"; sourceTree = "<group>"; };
/* End PBXFileReference section */

/* Begin PBXFrameworksBuildPhase section */
		C67385F727B4919400FF62B6 /* Frameworks */ = {
			isa = PBXFrameworksBuildPhase;
			buildActionMask = 2147483647;
			files = (
				AE10B00D97C8E0AB52842282 /* Pods_Take_Off_Go.framework in Frameworks */,
			);
			runOnlyForDeploymentPostprocessing = 0;
		};
/* End PBXFrameworksBuildPhase section */

/* Begin PBXGroup section */
		C14E3C7C72BF162F137E7D7A /* Frameworks */ = {
			isa = PBXGroup;
			children = (
				17D517010A391C561A6CA7D5 /* Pods_Take_Off_Go.framework */,
			);
			name = Frameworks;
			sourceTree = "<group>";
		};
		C61ECB1C27B4B5D10074C388 /* Jambo */ = {
			isa = PBXGroup;
			children = (
				C6D613EF27B4BA2400A77938 /* Network.swift */,
				C61ECB1D27B4B5F80074C388 /* GetQuote.graphql */,
			);
			path = Jambo;
			sourceTree = "<group>";
		};
		C6724D7B27B747B2000F31A1 /* Models */ = {
			isa = PBXGroup;
			children = (
				C6AAAE6527B8A91F00652796 /* Extensions.swift */,
				C64DF73F27C0983D0088E113 /* Property.swift */,
				C64DF74127C098AB0088E113 /* Accomomdation.swift */,
			);
			path = Models;
			sourceTree = "<group>";
		};
		C6724D7C27B747B7000F31A1 /* Views */ = {
			isa = PBXGroup;
			children = (
				C6724D8927B75A9D000F31A1 /* ImportTripView.swift */,
				C6588DD827BC57AC0059A474 /* MarkdownView.swift */,
				C69E69FA27B8F87900FD9B12 /* PropertyView.swift */,
				C64DF73727BCFC4D0088E113 /* TripAccommodationView.swift */,
				C64DF73927BCFC8F0088E113 /* TripDaysView.swift */,
				C6D4758327B4E1080093206B /* TripDetailView.swift */,
				C64DF73527BCF99C0088E113 /* TripFlightsView.swift */,
				C6D613F427B4C0D300A77938 /* TripListView.swift */,
				C6724D8527B75A64000F31A1 /* TripListRowView.swift */,
				C6AAAE6327B86BEE00652796 /* TripOverviewView.swift */,
				C64DF73D27C098170088E113 /* ImageSliderView.swift */,
			);
			path = Views;
			sourceTree = "<group>";
		};
		C6724D8427B74A86000F31A1 /* ViewModels */ = {
			isa = PBXGroup;
			children = (
				C6724D7D27B747CA000F31A1 /* TripViewModel.swift */,
				C6724D8727B75A7E000F31A1 /* TripListViewModel.swift */,
			);
			path = ViewModels;
			sourceTree = "<group>";
		};
		C67385F127B4919400FF62B6 = {
			isa = PBXGroup;
			children = (
				C67385FC27B4919400FF62B6 /* Take Off Go */,
				C67385FB27B4919400FF62B6 /* Products */,
				D728FE7D74DA20344F20AE19 /* Pods */,
				C14E3C7C72BF162F137E7D7A /* Frameworks */,
			);
			sourceTree = "<group>";
		};
		C67385FB27B4919400FF62B6 /* Products */ = {
			isa = PBXGroup;
			children = (
				C67385FA27B4919400FF62B6 /* Take Off Go.app */,
			);
			name = Products;
			sourceTree = "<group>";
		};
		C67385FC27B4919400FF62B6 /* Take Off Go */ = {
			isa = PBXGroup;
			children = (
				C64DF74327C099C20088E113 /* API.swift */,
				C6C7B04927B76EAE00E023D9 /* SampleData.swift */,
				C61ECB2227B4B6D30074C388 /* schema.json */,
				C67385FD27B4919400FF62B6 /* TakeOffGoApp.swift */,
				C673860127B4919500FF62B6 /* Assets.xcassets */,
				C61ECB1C27B4B5D10074C388 /* Jambo */,
				C6724D7B27B747B2000F31A1 /* Models */,
				C673860327B4919500FF62B6 /* Preview Content */,
				C6724D8427B74A86000F31A1 /* ViewModels */,
				C6724D7C27B747B7000F31A1 /* Views */,
			);
			path = "Take Off Go";
			sourceTree = "<group>";
		};
		C673860327B4919500FF62B6 /* Preview Content */ = {
			isa = PBXGroup;
			children = (
				C673860427B4919500FF62B6 /* Preview Assets.xcassets */,
			);
			path = "Preview Content";
			sourceTree = "<group>";
		};
		D728FE7D74DA20344F20AE19 /* Pods */ = {
			isa = PBXGroup;
			children = (
				74B3BF6EB817E02F3DEAB736 /* Pods-Take Off Go.debug.xcconfig */,
				E34CCE623802AD185FB2BD1D /* Pods-Take Off Go.release.xcconfig */,
			);
			path = Pods;
			sourceTree = "<group>";
		};
/* End PBXGroup section */

/* Begin PBXNativeTarget section */
		C67385F927B4919400FF62B6 /* Take Off Go */ = {
			isa = PBXNativeTarget;
			buildConfigurationList = C673860827B4919500FF62B6 /* Build configuration list for PBXNativeTarget "Take Off Go" */;
			buildPhases = (
				3861278D693CB55CD7056542 /* [CP] Check Pods Manifest.lock */,
				C61ECB1F27B4B64E0074C388 /* Generate Apollo GraphQL API */,
				C67385F627B4919400FF62B6 /* Sources */,
				C67385F727B4919400FF62B6 /* Frameworks */,
				C67385F827B4919400FF62B6 /* Resources */,
				3B8D4D1931BD835B21FCB2EC /* [CP] Embed Pods Frameworks */,
			);
			buildRules = (
			);
			dependencies = (
			);
			name = "Take Off Go";
			productName = "Take Off Go";
			productReference = C67385FA27B4919400FF62B6 /* Take Off Go.app */;
			productType = "com.apple.product-type.application";
		};
/* End PBXNativeTarget section */

/* Begin PBXProject section */
		C67385F227B4919400FF62B6 /* Project object */ = {
			isa = PBXProject;
			attributes = {
				BuildIndependentTargetsInParallel = 1;
				LastSwiftUpdateCheck = 1320;
				LastUpgradeCheck = 1320;
				TargetAttributes = {
					C67385F927B4919400FF62B6 = {
						CreatedOnToolsVersion = 13.2.1;
					};
				};
			};
			buildConfigurationList = C67385F527B4919400FF62B6 /* Build configuration list for PBXProject "Take Off Go" */;
			compatibilityVersion = "Xcode 13.0";
			developmentRegion = en;
			hasScannedForEncodings = 0;
			knownRegions = (
				en,
				Base,
			);
			mainGroup = C67385F127B4919400FF62B6;
			productRefGroup = C67385FB27B4919400FF62B6 /* Products */;
			projectDirPath = "";
			projectRoot = "";
			targets = (
				C67385F927B4919400FF62B6 /* Take Off Go */,
			);
		};
/* End PBXProject section */

/* Begin PBXResourcesBuildPhase section */
		C67385F827B4919400FF62B6 /* Resources */ = {
			isa = PBXResourcesBuildPhase;
			buildActionMask = 2147483647;
			files = (
				C61ECB2327B4B6D30074C388 /* schema.json in Resources */,
				C673860527B4919500FF62B6 /* Preview Assets.xcassets in Resources */,
				C61ECB1E27B4B5F80074C388 /* GetQuote.graphql in Resources */,
				C673860227B4919500FF62B6 /* Assets.xcassets in Resources */,
			);
			runOnlyForDeploymentPostprocessing = 0;
		};
/* End PBXResourcesBuildPhase section */

/* Begin PBXShellScriptBuildPhase section */
		3861278D693CB55CD7056542 /* [CP] Check Pods Manifest.lock */ = {
			isa = PBXShellScriptBuildPhase;
			buildActionMask = 2147483647;
			files = (
			);
			inputFileListPaths = (
			);
			inputPaths = (
				"${PODS_PODFILE_DIR_PATH}/Podfile.lock",
				"${PODS_ROOT}/Manifest.lock",
			);
			name = "[CP] Check Pods Manifest.lock";
			outputFileListPaths = (
			);
			outputPaths = (
				"$(DERIVED_FILE_DIR)/Pods-Take Off Go-checkManifestLockResult.txt",
			);
			runOnlyForDeploymentPostprocessing = 0;
			shellPath = /bin/sh;
			shellScript = "diff \"${PODS_PODFILE_DIR_PATH}/Podfile.lock\" \"${PODS_ROOT}/Manifest.lock\" > /dev/null\nif [ $? != 0 ] ; then\n    # print error to STDERR\n    echo \"error: The sandbox is not in sync with the Podfile.lock. Run 'pod install' or update your CocoaPods installation.\" >&2\n    exit 1\nfi\n# This output is used by Xcode 'outputs' to avoid re-running this script phase.\necho \"SUCCESS\" > \"${SCRIPT_OUTPUT_FILE_0}\"\n";
			showEnvVarsInLog = 0;
		};
		3B8D4D1931BD835B21FCB2EC /* [CP] Embed Pods Frameworks */ = {
			isa = PBXShellScriptBuildPhase;
			buildActionMask = 2147483647;
			files = (
			);
			inputFileListPaths = (
				"${PODS_ROOT}/Target Support Files/Pods-Take Off Go/Pods-Take Off Go-frameworks-${CONFIGURATION}-input-files.xcfilelist",
			);
			name = "[CP] Embed Pods Frameworks";
			outputFileListPaths = (
				"${PODS_ROOT}/Target Support Files/Pods-Take Off Go/Pods-Take Off Go-frameworks-${CONFIGURATION}-output-files.xcfilelist",
			);
			runOnlyForDeploymentPostprocessing = 0;
			shellPath = /bin/sh;
			shellScript = "\"${PODS_ROOT}/Target Support Files/Pods-Take Off Go/Pods-Take Off Go-frameworks.sh\"\n";
			showEnvVarsInLog = 0;
		};
		C61ECB1F27B4B64E0074C388 /* Generate Apollo GraphQL API */ = {
			isa = PBXShellScriptBuildPhase;
			alwaysOutOfDate = 1;
			buildActionMask = 12;
			files = (
			);
			inputFileListPaths = (
			);
			inputPaths = (
				"$(SRCROOT)/YourTarget/**/*.graphql",
			);
			name = "Generate Apollo GraphQL API";
			outputFileListPaths = (
			);
			outputPaths = (
			);
			runOnlyForDeploymentPostprocessing = 0;
			shellPath = /bin/sh;
			shellScript = "# Don't run this during index builds\nif [ $ACTION = \"indexbuild\" ]; then exit 0; fi\n\nSCRIPT_PATH=\"${PODS_ROOT}/Apollo/scripts\"\ncd \"${SRCROOT}/${TARGET_NAME}\"\n\"${SCRIPT_PATH}\"/run-bundled-codegen.sh codegen:generate --target=swift --includes=./**/*.graphql --localSchemaFile=\"schema.json\" API.swift\n";
		};
/* End PBXShellScriptBuildPhase section */

/* Begin PBXSourcesBuildPhase section */
		C67385F627B4919400FF62B6 /* Sources */ = {
			isa = PBXSourcesBuildPhase;
			buildActionMask = 2147483647;
			files = (
				C64DF74227C098AB0088E113 /* Accomomdation.swift in Sources */,
				C6D613F527B4C0D300A77938 /* TripListView.swift in Sources */,
				C64DF73827BCFC4D0088E113 /* TripAccommodationView.swift in Sources */,
				C64DF74027C0983D0088E113 /* Property.swift in Sources */,
				C6724D8827B75A7E000F31A1 /* TripListViewModel.swift in Sources */,
				C6D4758427B4E1080093206B /* TripDetailView.swift in Sources */,
				C6588DD927BC57AC0059A474 /* MarkdownView.swift in Sources */,
				C6D613F027B4BA2400A77938 /* Network.swift in Sources */,
				C6724D7E27B747CA000F31A1 /* TripViewModel.swift in Sources */,
				C6C7B04A27B76EAE00E023D9 /* SampleData.swift in Sources */,
				C6AAAE6627B8A91F00652796 /* Extensions.swift in Sources */,
				C64DF73E27C098170088E113 /* ImageSliderView.swift in Sources */,
				C6724D8A27B75A9D000F31A1 /* ImportTripView.swift in Sources */,
				C64DF73A27BCFC8F0088E113 /* TripDaysView.swift in Sources */,
				C64DF74427C099C20088E113 /* API.swift in Sources */,
				C64DF73627BCF99C0088E113 /* TripFlightsView.swift in Sources */,
				C67385FE27B4919400FF62B6 /* TakeOffGoApp.swift in Sources */,
				C6AAAE6427B86BEE00652796 /* TripOverviewView.swift in Sources */,
				C69E69FB27B8F87900FD9B12 /* PropertyView.swift in Sources */,
				C6724D8627B75A64000F31A1 /* TripListRowView.swift in Sources */,
			);
			runOnlyForDeploymentPostprocessing = 0;
		};
/* End PBXSourcesBuildPhase section */

/* Begin XCBuildConfiguration section */
		C673860627B4919500FF62B6 /* Debug */ = {
			isa = XCBuildConfiguration;
			buildSettings = {
				ALWAYS_SEARCH_USER_PATHS = NO;
				CLANG_ANALYZER_NONNULL = YES;
				CLANG_ANALYZER_NUMBER_OBJECT_CONVERSION = YES_AGGRESSIVE;
				CLANG_CXX_LANGUAGE_STANDARD = "gnu++17";
				CLANG_CXX_LIBRARY = "libc++";
				CLANG_ENABLE_MODULES = YES;
				CLANG_ENABLE_OBJC_ARC = YES;
				CLANG_ENABLE_OBJC_WEAK = YES;
				CLANG_WARN_BLOCK_CAPTURE_AUTORELEASING = YES;
				CLANG_WARN_BOOL_CONVERSION = YES;
				CLANG_WARN_COMMA = YES;
				CLANG_WARN_CONSTANT_CONVERSION = YES;
				CLANG_WARN_DEPRECATED_OBJC_IMPLEMENTATIONS = YES;
				CLANG_WARN_DIRECT_OBJC_ISA_USAGE = YES_ERROR;
				CLANG_WARN_DOCUMENTATION_COMMENTS = YES;
				CLANG_WARN_EMPTY_BODY = YES;
				CLANG_WARN_ENUM_CONVERSION = YES;
				CLANG_WARN_INFINITE_RECURSION = YES;
				CLANG_WARN_INT_CONVERSION = YES;
				CLANG_WARN_NON_LITERAL_NULL_CONVERSION = YES;
				CLANG_WARN_OBJC_IMPLICIT_RETAIN_SELF = YES;
				CLANG_WARN_OBJC_LITERAL_CONVERSION = YES;
				CLANG_WARN_OBJC_ROOT_CLASS = YES_ERROR;
				CLANG_WARN_QUOTED_INCLUDE_IN_FRAMEWORK_HEADER = YES;
				CLANG_WARN_RANGE_LOOP_ANALYSIS = YES;
				CLANG_WARN_STRICT_PROTOTYPES = YES;
				CLANG_WARN_SUSPICIOUS_MOVE = YES;
				CLANG_WARN_UNGUARDED_AVAILABILITY = YES_AGGRESSIVE;
				CLANG_WARN_UNREACHABLE_CODE = YES;
				CLANG_WARN__DUPLICATE_METHOD_MATCH = YES;
				COPY_PHASE_STRIP = NO;
				DEBUG_INFORMATION_FORMAT = dwarf;
				ENABLE_STRICT_OBJC_MSGSEND = YES;
				ENABLE_TESTABILITY = YES;
				GCC_C_LANGUAGE_STANDARD = gnu11;
				GCC_DYNAMIC_NO_PIC = NO;
				GCC_NO_COMMON_BLOCKS = YES;
				GCC_OPTIMIZATION_LEVEL = 0;
				GCC_PREPROCESSOR_DEFINITIONS = (
					"DEBUG=1",
					"$(inherited)",
				);
				GCC_WARN_64_TO_32_BIT_CONVERSION = YES;
				GCC_WARN_ABOUT_RETURN_TYPE = YES_ERROR;
				GCC_WARN_UNDECLARED_SELECTOR = YES;
				GCC_WARN_UNINITIALIZED_AUTOS = YES_AGGRESSIVE;
				GCC_WARN_UNUSED_FUNCTION = YES;
				GCC_WARN_UNUSED_VARIABLE = YES;
				IPHONEOS_DEPLOYMENT_TARGET = 15.2;
				MTL_ENABLE_DEBUG_INFO = INCLUDE_SOURCE;
				MTL_FAST_MATH = YES;
				ONLY_ACTIVE_ARCH = YES;
				SDKROOT = iphoneos;
				SWIFT_ACTIVE_COMPILATION_CONDITIONS = DEBUG;
				SWIFT_OPTIMIZATION_LEVEL = "-Onone";
			};
			name = Debug;
		};
		C673860727B4919500FF62B6 /* Release */ = {
			isa = XCBuildConfiguration;
			buildSettings = {
				ALWAYS_SEARCH_USER_PATHS = NO;
				CLANG_ANALYZER_NONNULL = YES;
				CLANG_ANALYZER_NUMBER_OBJECT_CONVERSION = YES_AGGRESSIVE;
				CLANG_CXX_LANGUAGE_STANDARD = "gnu++17";
				CLANG_CXX_LIBRARY = "libc++";
				CLANG_ENABLE_MODULES = YES;
				CLANG_ENABLE_OBJC_ARC = YES;
				CLANG_ENABLE_OBJC_WEAK = YES;
				CLANG_WARN_BLOCK_CAPTURE_AUTORELEASING = YES;
				CLANG_WARN_BOOL_CONVERSION = YES;
				CLANG_WARN_COMMA = YES;
				CLANG_WARN_CONSTANT_CONVERSION = YES;
				CLANG_WARN_DEPRECATED_OBJC_IMPLEMENTATIONS = YES;
				CLANG_WARN_DIRECT_OBJC_ISA_USAGE = YES_ERROR;
				CLANG_WARN_DOCUMENTATION_COMMENTS = YES;
				CLANG_WARN_EMPTY_BODY = YES;
				CLANG_WARN_ENUM_CONVERSION = YES;
				CLANG_WARN_INFINITE_RECURSION = YES;
				CLANG_WARN_INT_CONVERSION = YES;
				CLANG_WARN_NON_LITERAL_NULL_CONVERSION = YES;
				CLANG_WARN_OBJC_IMPLICIT_RETAIN_SELF = YES;
				CLANG_WARN_OBJC_LITERAL_CONVERSION = YES;
				CLANG_WARN_OBJC_ROOT_CLASS = YES_ERROR;
				CLANG_WARN_QUOTED_INCLUDE_IN_FRAMEWORK_HEADER = YES;
				CLANG_WARN_RANGE_LOOP_ANALYSIS = YES;
				CLANG_WARN_STRICT_PROTOTYPES = YES;
				CLANG_WARN_SUSPICIOUS_MOVE = YES;
				CLANG_WARN_UNGUARDED_AVAILABILITY = YES_AGGRESSIVE;
				CLANG_WARN_UNREACHABLE_CODE = YES;
				CLANG_WARN__DUPLICATE_METHOD_MATCH = YES;
				COPY_PHASE_STRIP = NO;
				DEBUG_INFORMATION_FORMAT = "dwarf-with-dsym";
				ENABLE_NS_ASSERTIONS = NO;
				ENABLE_STRICT_OBJC_MSGSEND = YES;
				GCC_C_LANGUAGE_STANDARD = gnu11;
				GCC_NO_COMMON_BLOCKS = YES;
				GCC_WARN_64_TO_32_BIT_CONVERSION = YES;
				GCC_WARN_ABOUT_RETURN_TYPE = YES_ERROR;
				GCC_WARN_UNDECLARED_SELECTOR = YES;
				GCC_WARN_UNINITIALIZED_AUTOS = YES_AGGRESSIVE;
				GCC_WARN_UNUSED_FUNCTION = YES;
				GCC_WARN_UNUSED_VARIABLE = YES;
				IPHONEOS_DEPLOYMENT_TARGET = 15.2;
				MTL_ENABLE_DEBUG_INFO = NO;
				MTL_FAST_MATH = YES;
				SDKROOT = iphoneos;
				SWIFT_COMPILATION_MODE = wholemodule;
				SWIFT_OPTIMIZATION_LEVEL = "-O";
				VALIDATE_PRODUCT = YES;
			};
			name = Release;
		};
		C673860927B4919500FF62B6 /* Debug */ = {
			isa = XCBuildConfiguration;
			baseConfigurationReference = 74B3BF6EB817E02F3DEAB736 /* Pods-Take Off Go.debug.xcconfig */;
			buildSettings = {
				ASSETCATALOG_COMPILER_APPICON_NAME = AppIcon;
				ASSETCATALOG_COMPILER_GLOBAL_ACCENT_COLOR_NAME = AccentColor;
				CODE_SIGN_IDENTITY = "iPhone Developer";
				CODE_SIGN_STYLE = Manual;
				CURRENT_PROJECT_VERSION = 7;
				DEVELOPMENT_ASSET_PATHS = "\"Take Off Go/Preview Content\"";
				DEVELOPMENT_TEAM = Z3775ZEQGR;
				ENABLE_PREVIEWS = YES;
				GENERATE_INFOPLIST_FILE = YES;
				INFOPLIST_KEY_UIApplicationSceneManifest_Generation = YES;
				INFOPLIST_KEY_UIApplicationSupportsIndirectInputEvents = YES;
				INFOPLIST_KEY_UILaunchScreen_Generation = YES;
				INFOPLIST_KEY_UISupportedInterfaceOrientations = UIInterfaceOrientationPortrait;
				INFOPLIST_KEY_UISupportedInterfaceOrientations_iPad = "UIInterfaceOrientationPortrait UIInterfaceOrientationPortraitUpsideDown UIInterfaceOrientationLandscapeLeft UIInterfaceOrientationLandscapeRight";
				INFOPLIST_KEY_UISupportedInterfaceOrientations_iPhone = "UIInterfaceOrientationPortrait UIInterfaceOrientationLandscapeLeft UIInterfaceOrientationLandscapeRight";
				LD_RUNPATH_SEARCH_PATHS = (
					"$(inherited)",
					"@executable_path/Frameworks",
				);
				MARKETING_VERSION = 1.0;
				PRODUCT_BUNDLE_IDENTIFIER = com.takeoffgo.app;
				PRODUCT_NAME = "$(TARGET_NAME)";
				PROVISIONING_PROFILE_SPECIFIER = "match Development com.takeoffgo.app";
				SWIFT_EMIT_LOC_STRINGS = YES;
				SWIFT_VERSION = 5.0;
				TARGETED_DEVICE_FAMILY = 1;
			};
			name = Debug;
		};
		C673860A27B4919500FF62B6 /* Release */ = {
			isa = XCBuildConfiguration;
			baseConfigurationReference = E34CCE623802AD185FB2BD1D /* Pods-Take Off Go.release.xcconfig */;
			buildSettings = {
				ASSETCATALOG_COMPILER_APPICON_NAME = AppIcon;
				ASSETCATALOG_COMPILER_GLOBAL_ACCENT_COLOR_NAME = AccentColor;
				CODE_SIGN_IDENTITY = "iPhone Developer";
				CODE_SIGN_STYLE = Manual;
				CURRENT_PROJECT_VERSION = 7;
				DEVELOPMENT_ASSET_PATHS = "\"Take Off Go/Preview Content\"";
				DEVELOPMENT_TEAM = Z3775ZEQGR;
				ENABLE_PREVIEWS = YES;
				GENERATE_INFOPLIST_FILE = YES;
				INFOPLIST_KEY_UIApplicationSceneManifest_Generation = YES;
				INFOPLIST_KEY_UIApplicationSupportsIndirectInputEvents = YES;
				INFOPLIST_KEY_UILaunchScreen_Generation = YES;
				INFOPLIST_KEY_UISupportedInterfaceOrientations = UIInterfaceOrientationPortrait;
				INFOPLIST_KEY_UISupportedInterfaceOrientations_iPad = "UIInterfaceOrientationPortrait UIInterfaceOrientationPortraitUpsideDown UIInterfaceOrientationLandscapeLeft UIInterfaceOrientationLandscapeRight";
				INFOPLIST_KEY_UISupportedInterfaceOrientations_iPhone = "UIInterfaceOrientationPortrait UIInterfaceOrientationLandscapeLeft UIInterfaceOrientationLandscapeRight";
				LD_RUNPATH_SEARCH_PATHS = (
					"$(inherited)",
					"@executable_path/Frameworks",
				);
				MARKETING_VERSION = 1.0;
				PRODUCT_BUNDLE_IDENTIFIER = com.takeoffgo.app;
				PRODUCT_NAME = "$(TARGET_NAME)";
				PROVISIONING_PROFILE_SPECIFIER = "match Development com.takeoffgo.app";
				SWIFT_EMIT_LOC_STRINGS = YES;
				SWIFT_VERSION = 5.0;
				TARGETED_DEVICE_FAMILY = 1;
			};
			name = Release;
		};
/* End XCBuildConfiguration section */

/* Begin XCConfigurationList section */
		C67385F527B4919400FF62B6 /* Build configuration list for PBXProject "Take Off Go" */ = {
			isa = XCConfigurationList;
			buildConfigurations = (
				C673860627B4919500FF62B6 /* Debug */,
				C673860727B4919500FF62B6 /* Release */,
			);
			defaultConfigurationIsVisible = 0;
			defaultConfigurationName = Release;
		};
		C673860827B4919500FF62B6 /* Build configuration list for PBXNativeTarget "Take Off Go" */ = {
			isa = XCConfigurationList;
			buildConfigurations = (
				C673860927B4919500FF62B6 /* Debug */,
				C673860A27B4919500FF62B6 /* Release */,
			);
			defaultConfigurationIsVisible = 0;
			defaultConfigurationName = Release;
		};
/* End XCConfigurationList section */
	};
	rootObject = C67385F227B4919400FF62B6 /* Project object */;
}
